{
  "name": "@lookatfr3sn0/x3dh",
  "version": "0.0.1",
  "lockfileVersion": 3,
  "requires": true,
  "packages": {
    "": {
      "name": "@lookatfr3sn0/x3dh",
      "version": "0.0.1",
      "license": "MIT",
      "dependencies": {
        "sodium-native": "^5.0.3",
        "typescript": "^5.8.3",
        "undici-types": "^7.9.0"
      }
    },
    "node_modules/bare-addon-resolve": {
      "version": "1.9.4",
      "resolved": "https://registry.npmjs.org/bare-addon-resolve/-/bare-addon-resolve-1.9.4.tgz",
      "integrity": "sha512-unn6Vy/Yke6F99vg/7tcrvM2KUvIhTNniaSqDbam4AWkd4NhvDVSrQiRYVlNzUV2P7SPobkCK7JFVxrJk9btCg==",
      "license": "Apache-2.0",
      "dependencies": {
        "bare-module-resolve": "^1.10.0",
        "bare-semver": "^1.0.0"
      },
      "peerDependencies": {
        "bare-url": "*"
      },
      "peerDependenciesMeta": {
        "bare-url": {
          "optional": true
        }
      }
    },
    "node_modules/bare-module-resolve": {
      "version": "1.10.2",
      "resolved": "https://registry.npmjs.org/bare-module-resolve/-/bare-module-resolve-1.10.2.tgz",
      "integrity": "sha512-C9COe/GhWfVXKytW3DElTkiBU+Gb2OXeaVkdGdRB/lp26TVLESHkTGS876iceAGdvtPgohfp9nX8vXHGvN3++Q==",
      "license": "Apache-2.0",
      "dependencies": {
        "bare-semver": "^1.0.0"
      },
      "peerDependencies": {
        "bare-url": "*"
      },
      "peerDependenciesMeta": {
        "bare-url": {
          "optional": true
        }
      }
    },
    "node_modules/bare-os": {
      "version": "3.6.1",
      "resolved": "https://registry.npmjs.org/bare-os/-/bare-os-3.6.1.tgz",
      "integrity": "sha512-uaIjxokhFidJP+bmmvKSgiMzj2sV5GPHaZVAIktcxcpCyBFFWO+YlikVAdhmUo2vYFvFhOXIAlldqV29L8126g==",
      "license": "Apache-2.0",
      "engines": {
        "bare": ">=1.14.0"
      }
    },
    "node_modules/bare-path": {
      "version": "3.0.0",
      "resolved": "https://registry.npmjs.org/bare-path/-/bare-path-3.0.0.tgz",
      "integrity": "sha512-tyfW2cQcB5NN8Saijrhqn0Zh7AnFNsnczRcuWODH0eYAXBsJ5gVxAUuNr7tsHSC6IZ77cA0SitzT+s47kot8Mw==",
      "license": "Apache-2.0",
      "dependencies": {
        "bare-os": "^3.0.1"
      }
    },
    "node_modules/bare-semver": {
      "version": "1.0.1",
      "resolved": "https://registry.npmjs.org/bare-semver/-/bare-semver-1.0.1.tgz",
      "integrity": "sha512-UtggzHLiTrmFOC/ogQ+Hy7VfoKoIwrP1UFcYtTxoCUdLtsIErT8+SWtOC2DH/snT9h+xDrcBEPcwKei1mzemgg==",
      "license": "Apache-2.0"
    },
    "node_modules/bare-url": {
      "version": "2.1.6",
      "resolved": "https://registry.npmjs.org/bare-url/-/bare-url-2.1.6.tgz",
      "integrity": "sha512-FgjDeR+/yDH34By4I0qB5NxAoWv7dOTYcOXwn73kr+c93HyC2lU6tnjifqUe33LKMJcDyCYPQjEAqgOQiXkE2Q==",
      "license": "Apache-2.0",
      "dependencies": {
        "bare-path": "^3.0.0"
      }
    },
    "node_modules/require-addon": {
      "version": "1.1.0",
      "resolved": "https://registry.npmjs.org/require-addon/-/require-addon-1.1.0.tgz",
      "integrity": "sha512-KbXAD5q2+v1GJnkzd8zzbOxchTkStSyJZ9QwoCq3QwEXAaIlG3wDYRZGzVD357jmwaGY7hr5VaoEAL0BkF0Kvg==",
      "license": "Apache-2.0",
      "dependencies": {
        "bare-addon-resolve": "^1.3.0",
        "bare-url": "^2.1.0"
      },
      "engines": {
        "bare": ">=1.10.0"
      }
    },
    "node_modules/sodium-native": {
      "version": "5.0.3",
      "resolved": "https://registry.npmjs.org/sodium-native/-/sodium-native-5.0.3.tgz",
      "integrity": "sha512-8mmRxZtN9Lw2foyBFuRO193OYmyQ9fnXQrWIcUHn3XLmGZEU3QkCFauLA8zokoGM0nfsdo1OuvGOlL7591dYeQ==",
      "license": "MIT",
      "dependencies": {
        "require-addon": "^1.1.0",
        "which-runtime": "^1.2.1"
      },
      "engines": {
        "bare": ">=1.16.0"
      }
    },
    "node_modules/typescript": {
      "version": "5.8.3",
      "resolved": "https://registry.npmjs.org/typescript/-/typescript-5.8.3.tgz",
      "integrity": "sha512-p1diW6TqL9L07nNxvRMM7hMMw4c5XOo/1ibL4aAIGmSAt9slTE1Xgw5KWuof2uTOvCg9BY7ZRi+GaF+7sfgPeQ==",
      "license": "Apache-2.0",
      "bin": {
        "tsc": "bin/tsc",
        "tsserver": "bin/tsserver"
      },
      "engines": {
        "node": ">=14.17"
      }
    },
    "node_modules/undici-types": {
      "version": "7.9.0",
      "resolved": "https://registry.npmjs.org/undici-types/-/undici-types-7.9.0.tgz",
      "integrity": "sha512-TotbsoWjj1gHRlCBRKtFCKTg3HeHE87dLe3DkuWzQKlyQ0LQXP4pLTb3fBUhdcODdOoT8BkB4zdOShW57NH1rw==",
      "license": "MIT"
    },
    "node_modules/which-runtime": {
      "version": "1.2.1",
      "resolved": "https://registry.npmjs.org/which-runtime/-/which-runtime-1.2.1.tgz",
      "integrity": "sha512-8feIHccQFH/whiA1fD1b4c5+Q7T4ry1g1oHYc2mHnFh81tTQFsCvy3zhS2geUapkFAVBddUT/AM1a3rbqJweFg==",
      "license": "Apache-2.0"
    }
  }
}
